
Microsoft Visual Studio Solution File, Format Version 12.00
# Visual Studio Version 17
VisualStudioVersion = 17.9.34728.123
MinimumVisualStudioVersion = 10.0.40219.1
Project("{FAE04EC0-301F-11D3-BF4B-00C04F79EFBC}") = "AccesoDatos", "AccesoDatos\AccesoDatos.csproj", "{6E54206A-A99E-4601-A950-88741233DA55}"
EndProject
Project("{FAE04EC0-301F-11D3-BF4B-00C04F79EFBC}") = "WebApi", "WebApi\WebApi.csproj", "{BAC1F301-B51A-43C6-B065-812E20C560AB}"
EndProject
Global
	GlobalSection(SolutionConfigurationPlatforms) = preSolution
		Debug|Any CPU = Debug|Any CPU
		Release|Any CPU = Release|Any CPU
	EndGlobalSection
	GlobalSection(ProjectConfigurationPlatforms) = postSolution
		{6E54206A-A99E-4601-A950-88741233DA55}.Debug|Any CPU.ActiveCfg = Debug|Any CPU
		{6E54206A-A99E-4601-A950-88741233DA55}.Debug|Any CPU.Build.0 = Debug|Any CPU
		{6E54206A-A99E-4601-A950-88741233DA55}.Release|Any CPU.ActiveCfg = Release|Any CPU
		{6E54206A-A99E-4601-A950-88741233DA55}.Release|Any CPU.Build.0 = Release|Any CPU
		{BAC1F301-B51A-43C6-B065-812E20C560AB}.Debug|Any CPU.ActiveCfg = Debug|Any CPU
		{BAC1F301-B51A-43C6-B065-812E20C560AB}.Debug|Any CPU.Build.0 = Debug|Any CPU
		{BAC1F301-B51A-43C6-B065-812E20C560AB}.Release|Any CPU.ActiveCfg = Release|Any CPU
		{BAC1F301-B51A-43C6-B065-812E20C560AB}.Release|Any CPU.Build.0 = Release|Any CPU
	EndGlobalSection
	GlobalSection(SolutionProperties) = preSolution
		HideSolutionNode = FALSE
	EndGlobalSection
	GlobalSection(ExtensibilityGlobals) = postSolution
		SolutionGuid = {45F9A1D2-6161-4961-9984-16FB2A8CBAA1}
	EndGlobalSection
EndGlobal
